
Microsoft Visual Studio Solution File, Format Version 12.00
# Visual Studio Version 16
VisualStudioVersion = 16.0.31019.35
MinimumVisualStudioVersion = 10.0.40219.1
Project("{9A19103F-16F7-4668-BE54-9A1E7A4F7556}") = "BootCamps", "LocalizaLabs .NET Developer\BootCamps.csproj", "{3671907A-7B7D-464A-BA4E-8B27774564FA}"
EndProject
Global
	GlobalSection(SolutionConfigurationPlatforms) = preSolution
		Debug|Any CPU = Debug|Any CPU
		Release|Any CPU = Release|Any CPU
	EndGlobalSection
	GlobalSection(ProjectConfigurationPlatforms) = postSolution
		{3671907A-7B7D-464A-BA4E-8B27774564FA}.Debug|Any CPU.ActiveCfg = Debug|Any CPU
		{3671907A-7B7D-464A-BA4E-8B27774564FA}.Debug|Any CPU.Build.0 = Debug|Any CPU
		{3671907A-7B7D-464A-BA4E-8B27774564FA}.Release|Any CPU.ActiveCfg = Release|Any CPU
		{3671907A-7B7D-464A-BA4E-8B27774564FA}.Release|Any CPU.Build.0 = Release|Any CPU
	EndGlobalSection
	GlobalSection(SolutionProperties) = preSolution
		HideSolutionNode = FALSE
	EndGlobalSection
	GlobalSection(ExtensibilityGlobals) = postSolution
		SolutionGuid = {1EFE8149-BEB0-40D7-8654-5DC9C71B4F94}
	EndGlobalSection
EndGlobal
