
Microsoft Visual Studio Solution File, Format Version 12.00
# Visual Studio Version 16
VisualStudioVersion = 16.0.31019.35
MinimumVisualStudioVersion = 10.0.40219.1
Project("{9A19103F-16F7-4668-BE54-9A1E7A4F7556}") = "1_Desafios", "LocalizaLabs .NET Developer\1_Desafios.csproj", "{3671907A-7B7D-464A-BA4E-8B27774564FA}"
EndProject
Project("{9A19103F-16F7-4668-BE54-9A1E7A4F7556}") = "2_AplicacaoTranferenciaBancaria", "2_AplicacaoTranferenciaBancaria\2_AplicacaoTranferenciaBancaria.csproj", "{D5C62466-4876-4DD4-9F56-E5E35BC6176B}"
EndProject
Project("{9A19103F-16F7-4668-BE54-9A1E7A4F7556}") = "3_Series", "3_Series\3_Series.csproj", "{EBC823E4-EA5C-4FE0-A016-73C337E040E4}"
EndProject
Project("{9A19103F-16F7-4668-BE54-9A1E7A4F7556}") = "4_API", "4_Mongo\4_API.csproj", "{A53BA153-3418-4709-A15C-68DFD614C705}"
EndProject
Global
	GlobalSection(SolutionConfigurationPlatforms) = preSolution
		Debug|Any CPU = Debug|Any CPU
		Release|Any CPU = Release|Any CPU
	EndGlobalSection
	GlobalSection(ProjectConfigurationPlatforms) = postSolution
		{3671907A-7B7D-464A-BA4E-8B27774564FA}.Debug|Any CPU.ActiveCfg = Debug|Any CPU
		{3671907A-7B7D-464A-BA4E-8B27774564FA}.Debug|Any CPU.Build.0 = Debug|Any CPU
		{3671907A-7B7D-464A-BA4E-8B27774564FA}.Release|Any CPU.ActiveCfg = Release|Any CPU
		{3671907A-7B7D-464A-BA4E-8B27774564FA}.Release|Any CPU.Build.0 = Release|Any CPU
		{D5C62466-4876-4DD4-9F56-E5E35BC6176B}.Debug|Any CPU.ActiveCfg = Debug|Any CPU
		{D5C62466-4876-4DD4-9F56-E5E35BC6176B}.Debug|Any CPU.Build.0 = Debug|Any CPU
		{D5C62466-4876-4DD4-9F56-E5E35BC6176B}.Release|Any CPU.ActiveCfg = Release|Any CPU
		{D5C62466-4876-4DD4-9F56-E5E35BC6176B}.Release|Any CPU.Build.0 = Release|Any CPU
		{EBC823E4-EA5C-4FE0-A016-73C337E040E4}.Debug|Any CPU.ActiveCfg = Debug|Any CPU
		{EBC823E4-EA5C-4FE0-A016-73C337E040E4}.Debug|Any CPU.Build.0 = Debug|Any CPU
		{EBC823E4-EA5C-4FE0-A016-73C337E040E4}.Release|Any CPU.ActiveCfg = Release|Any CPU
		{EBC823E4-EA5C-4FE0-A016-73C337E040E4}.Release|Any CPU.Build.0 = Release|Any CPU
		{A53BA153-3418-4709-A15C-68DFD614C705}.Debug|Any CPU.ActiveCfg = Debug|Any CPU
		{A53BA153-3418-4709-A15C-68DFD614C705}.Debug|Any CPU.Build.0 = Debug|Any CPU
		{A53BA153-3418-4709-A15C-68DFD614C705}.Release|Any CPU.ActiveCfg = Release|Any CPU
		{A53BA153-3418-4709-A15C-68DFD614C705}.Release|Any CPU.Build.0 = Release|Any CPU
	EndGlobalSection
	GlobalSection(SolutionProperties) = preSolution
		HideSolutionNode = FALSE
	EndGlobalSection
	GlobalSection(ExtensibilityGlobals) = postSolution
		SolutionGuid = {1EFE8149-BEB0-40D7-8654-5DC9C71B4F94}
	EndGlobalSection
EndGlobal
